
Microsoft Visual Studio Solution File, Format Version 12.00
# Visual Studio 14
VisualStudioVersion = 14.0.25123.0
MinimumVisualStudioVersion = 10.0.40219.1
Project("{00D1A9C2-B5F0-4AF3-8072-F6C62B433612}") = "Database", "Database\Database.sqlproj", "{0D333B9D-1E6A-4570-A74A-BF98295EE7BC}"
EndProject
Project("{FAE04EC0-301F-11D3-BF4B-00C04F79EFBC}") = "ADD", "ADD\ADD.csproj", "{1F3B1584-9951-4584-80AA-1471D07051CF}"
EndProject
Project("{FAE04EC0-301F-11D3-BF4B-00C04F79EFBC}") = "sukalal", "sukalal\sukalal.csproj", "{6CDDE1CE-A3F4-43AD-A3F9-E33B3E078321}"
EndProject
Global
	GlobalSection(SolutionConfigurationPlatforms) = preSolution
		Debug|Any CPU = Debug|Any CPU
		Release|Any CPU = Release|Any CPU
	EndGlobalSection
	GlobalSection(ProjectConfigurationPlatforms) = postSolution
		{0D333B9D-1E6A-4570-A74A-BF98295EE7BC}.Debug|Any CPU.ActiveCfg = Debug|Any CPU
		{0D333B9D-1E6A-4570-A74A-BF98295EE7BC}.Debug|Any CPU.Build.0 = Debug|Any CPU
		{0D333B9D-1E6A-4570-A74A-BF98295EE7BC}.Debug|Any CPU.Deploy.0 = Debug|Any CPU
		{0D333B9D-1E6A-4570-A74A-BF98295EE7BC}.Release|Any CPU.ActiveCfg = Release|Any CPU
		{0D333B9D-1E6A-4570-A74A-BF98295EE7BC}.Release|Any CPU.Build.0 = Release|Any CPU
		{0D333B9D-1E6A-4570-A74A-BF98295EE7BC}.Release|Any CPU.Deploy.0 = Release|Any CPU
		{1F3B1584-9951-4584-80AA-1471D07051CF}.Debug|Any CPU.ActiveCfg = Debug|Any CPU
		{1F3B1584-9951-4584-80AA-1471D07051CF}.Debug|Any CPU.Build.0 = Debug|Any CPU
		{1F3B1584-9951-4584-80AA-1471D07051CF}.Release|Any CPU.ActiveCfg = Release|Any CPU
		{1F3B1584-9951-4584-80AA-1471D07051CF}.Release|Any CPU.Build.0 = Release|Any CPU
		{6CDDE1CE-A3F4-43AD-A3F9-E33B3E078321}.Debug|Any CPU.ActiveCfg = Debug|Any CPU
		{6CDDE1CE-A3F4-43AD-A3F9-E33B3E078321}.Debug|Any CPU.Build.0 = Debug|Any CPU
		{6CDDE1CE-A3F4-43AD-A3F9-E33B3E078321}.Release|Any CPU.ActiveCfg = Release|Any CPU
		{6CDDE1CE-A3F4-43AD-A3F9-E33B3E078321}.Release|Any CPU.Build.0 = Release|Any CPU
	EndGlobalSection
	GlobalSection(SolutionProperties) = preSolution
		HideSolutionNode = FALSE
	EndGlobalSection
EndGlobal
